
Microsoft Visual Studio Solution File, Format Version 12.00
# Visual Studio Version 17
VisualStudioVersion = 17.0.32112.339
MinimumVisualStudioVersion = 10.0.40219.1
Project("{9A19103F-16F7-4668-BE54-9A1E7A4F7556}") = "ADO.NET", "ADO.NET\ADO.NET.csproj", "{BD0DD688-A87B-4219-BB6D-5EF6F05B63F3}"
EndProject
Project("{9A19103F-16F7-4668-BE54-9A1E7A4F7556}") = "SoftUni", "SoftUni\SoftUni.csproj", "{483AE1A8-23BE-401E-BFFC-9A53CE1C0A08}"
EndProject
Project("{9A19103F-16F7-4668-BE54-9A1E7A4F7556}") = "P01_StudentSystem", "Entity-Relations\P01_StudentSystem\P01_StudentSystem\P01_StudentSystem.csproj", "{D837C542-8D06-4BC0-91A5-63C9376E3E0F}"
EndProject
Global
	GlobalSection(SolutionConfigurationPlatforms) = preSolution
		Debug|Any CPU = Debug|Any CPU
		Release|Any CPU = Release|Any CPU
	EndGlobalSection
	GlobalSection(ProjectConfigurationPlatforms) = postSolution
		{BD0DD688-A87B-4219-BB6D-5EF6F05B63F3}.Debug|Any CPU.ActiveCfg = Debug|Any CPU
		{BD0DD688-A87B-4219-BB6D-5EF6F05B63F3}.Debug|Any CPU.Build.0 = Debug|Any CPU
		{BD0DD688-A87B-4219-BB6D-5EF6F05B63F3}.Release|Any CPU.ActiveCfg = Release|Any CPU
		{BD0DD688-A87B-4219-BB6D-5EF6F05B63F3}.Release|Any CPU.Build.0 = Release|Any CPU
		{483AE1A8-23BE-401E-BFFC-9A53CE1C0A08}.Debug|Any CPU.ActiveCfg = Debug|Any CPU
		{483AE1A8-23BE-401E-BFFC-9A53CE1C0A08}.Debug|Any CPU.Build.0 = Debug|Any CPU
		{483AE1A8-23BE-401E-BFFC-9A53CE1C0A08}.Release|Any CPU.ActiveCfg = Release|Any CPU
		{483AE1A8-23BE-401E-BFFC-9A53CE1C0A08}.Release|Any CPU.Build.0 = Release|Any CPU
		{D837C542-8D06-4BC0-91A5-63C9376E3E0F}.Debug|Any CPU.ActiveCfg = Debug|Any CPU
		{D837C542-8D06-4BC0-91A5-63C9376E3E0F}.Debug|Any CPU.Build.0 = Debug|Any CPU
		{D837C542-8D06-4BC0-91A5-63C9376E3E0F}.Release|Any CPU.ActiveCfg = Release|Any CPU
		{D837C542-8D06-4BC0-91A5-63C9376E3E0F}.Release|Any CPU.Build.0 = Release|Any CPU
	EndGlobalSection
	GlobalSection(SolutionProperties) = preSolution
		HideSolutionNode = FALSE
	EndGlobalSection
	GlobalSection(ExtensibilityGlobals) = postSolution
		SolutionGuid = {3669872F-AA50-4100-BA77-3DDC8ADDC292}
	EndGlobalSection
EndGlobal
